
Microsoft Visual Studio Solution File, Format Version 12.00
# Visual Studio Version 17
VisualStudioVersion = 17.6.33815.320
MinimumVisualStudioVersion = 10.0.40219.1
Project("{FAE04EC0-301F-11D3-BF4B-00C04F79EFBC}") = "BrandApiCodeFirstApproach", "BrandApiCodeFirstApproach\BrandApiCodeFirstApproach.csproj", "{D05ACD8B-D130-4D19-9BFC-9F95262D79D2}"
EndProject
Global
	GlobalSection(SolutionConfigurationPlatforms) = preSolution
		Debug|Any CPU = Debug|Any CPU
		Release|Any CPU = Release|Any CPU
	EndGlobalSection
	GlobalSection(ProjectConfigurationPlatforms) = postSolution
		{D05ACD8B-D130-4D19-9BFC-9F95262D79D2}.Debug|Any CPU.ActiveCfg = Debug|Any CPU
		{D05ACD8B-D130-4D19-9BFC-9F95262D79D2}.Debug|Any CPU.Build.0 = Debug|Any CPU
		{D05ACD8B-D130-4D19-9BFC-9F95262D79D2}.Release|Any CPU.ActiveCfg = Release|Any CPU
		{D05ACD8B-D130-4D19-9BFC-9F95262D79D2}.Release|Any CPU.Build.0 = Release|Any CPU
	EndGlobalSection
	GlobalSection(SolutionProperties) = preSolution
		HideSolutionNode = FALSE
	EndGlobalSection
	GlobalSection(ExtensibilityGlobals) = postSolution
		SolutionGuid = {0E962957-2CFA-480A-B7A2-E18593D69D51}
	EndGlobalSection
EndGlobal
